schema: '2.0'
stages:
  prepare_stack:
    cmd: python3 -m src.stack.prepare
    deps:
    - path: data/datasets/swiss_templates
      md5: 59bae5f83c275d47d1de1b421cc0c904.dir
      size: 356813768
      nfiles: 74
    - path: src/datasets/swiss_license_plates_dataset.py
      md5: 0c8000140097a7ecab0b541e53d006fe
      size: 8437
    - path: src/generators/swiss_license_plates_generator.py
      md5: 5eca5b809dccadee29f64a29a2ee3199
      size: 12384
    - path: src/stack/prepare.py
      md5: db7ea963910431722f25367541a5bb6e
      size: 1188
    - path: src/utils/dataset.py
      md5: 36ccdf1cca892a2bde90d810c73c7791
      size: 2317
    - path: src/utils/seed.py
      md5: f94e3941728b5363f37f1139fc21cf24
      size: 736
    params:
      params.py:
        BATCH_SIZE: 32
        LocalizeParams:
          IMG_SHAPE:
          - 1
          - 84
          - 84
        PrepareOCRParams:
          SEED: 25032023
          MAX_IMAGES: 250000
          TRAIN_SPLIT: 0.8
          IMG_SIZE:
          - 256
          - 256
        PrepareStackParams:
          SEED: 25032023
          MAX_IMAGES: 5000
    outs:
    - path: data/prepared/stack
      md5: be9e0489eee555b983478d25d4e9d7b9.dir
      size: 221542631
      nfiles: 1
  prepare_localize:
    cmd: python3 -m src.localize.prepare
    deps:
    - path: data/datasets/swiss_templates
      md5: 59bae5f83c275d47d1de1b421cc0c904.dir
      size: 356813768
      nfiles: 74
    - path: src/datasets/swiss_license_plates_dataset.py
      md5: 0c8000140097a7ecab0b541e53d006fe
      size: 8437
    - path: src/generators/swiss_license_plates_generator.py
      md5: 5eca5b809dccadee29f64a29a2ee3199
      size: 12384
    - path: src/localize/prepare.py
      md5: cb5cf77073d2715b6c78181d55651c4c
      size: 1789
    - path: src/utils/dataset.py
      md5: 36ccdf1cca892a2bde90d810c73c7791
      size: 2317
    - path: src/utils/seed.py
      md5: f94e3941728b5363f37f1139fc21cf24
      size: 736
    params:
      params.py:
        BATCH_SIZE: 32
        LocalizeParams:
          IMG_SHAPE:
          - 1
          - 84
          - 84
        PrepareLocalizeParams:
          SEED: 25032023
          MAX_IMAGES: 100000
          TRAIN_SPLIT: 0.8
    outs:
    - path: data/prepared/localize
      md5: f7ca47d2af1c94e6ad950b775da70545.dir
      size: 443454354
      nfiles: 2
    - path: out/prepared/localize/plots/images
      md5: caa4519fd06352333940dc634f3520b6.dir
      size: 17470
      nfiles: 5
  train_localize:
    cmd: python3 -m src.localize.train
    deps:
    - path: data/prepared/localize
      md5: f7ca47d2af1c94e6ad950b775da70545.dir
      size: 443454354
      nfiles: 2
    - path: src/localize/train.py
      md5: 33d2275a98adb090742e5a5df7b5e5b9
      size: 1279
    - path: src/models/cnn_localizer_model.py
      md5: a380c4d202c6bcd726d923df1cbf2de1
      size: 3330
    - path: src/utils/model.py
      md5: 1c37662db96a47d248e944a5c4930461
      size: 1199
    - path: src/utils/seed.py
      md5: f94e3941728b5363f37f1139fc21cf24
      size: 736
    - path: src/utils/train.py
      md5: 3f001032823f9b609f598054d7150b8e
      size: 3975
    params:
      params.py:
        BATCH_SIZE: 32
        LocalizeModelParams:
          MODEL_NAME: plate_localizer_v3
          CONV_LAYERS:
          - 64
          - M
          - 128
          - M
          - 256
          - M
          - 512
          - M
          AVGPOOL_SIZE:
          - 5
          - 5
          HIDDEN_LAYERS:
          - 512
          - 512
          DROPOUT: 0.4
        LocalizeParams:
          IMG_SHAPE:
          - 1
          - 84
          - 84
        TrainLocalizeParams:
          SEED: 25032023
          LR: 0.001
          EPOCHS: 3
    outs:
    - path: out/checkpoints/localize
      md5: 2a5fab2692369580d5e8ad4ab46087a5.dir
      size: 66959382
      nfiles: 2
    - path: out/models/localize
      md5: 40166afc38064de6d152155db350f338.dir
      size: 33478747
      nfiles: 1
    - path: out/runs/localize/metrics.json
      md5: c305cb9041b7bb7ae5a410067805eaef
      size: 140
    - path: out/runs/localize/plots/metrics
      md5: 8cfc458671c08d3a22da289ddd3f8e71.dir
      size: 156
      nfiles: 2
    - path: out/runs/localize/tensorboard
      md5: 0334838d3ddb9ce2a3b81307ebbc870f.dir
      size: 4043
      nfiles: 3
  prepare_ocr:
    cmd: python3 -m src.ocr.prepare
    deps:
    - path: data/datasets/swiss_templates
      md5: 59bae5f83c275d47d1de1b421cc0c904.dir
      size: 356813768
      nfiles: 74
    - path: src/datasets/swiss_license_plates_dataset.py
      md5: 0c8000140097a7ecab0b541e53d006fe
      size: 8437
    - path: src/datasets/swiss_license_plates_ocr_dataset.py
      md5: 1145dd87bb216ae5c754d4cee6fca1cd
      size: 2921
    - path: src/generators/swiss_license_plates_generator.py
      md5: 5eca5b809dccadee29f64a29a2ee3199
      size: 12384
    - path: src/ocr/prepare.py
      md5: 09134431f4b97c3810748e17f986ad8c
      size: 1809
    - path: src/utils/dataset.py
      md5: 36ccdf1cca892a2bde90d810c73c7791
      size: 2317
    - path: src/utils/seed.py
      md5: f94e3941728b5363f37f1139fc21cf24
      size: 736
    params:
      params.py:
        BATCH_SIZE: 32
        OCRParams:
          IMG_SHAPE:
          - 1
          - 84
          - 84
          MAX_LABEL_LENGTH: 7
          GRU_NUM_CLASSES: 37
          GRU_BLANK_CLASS: 36
        PrepareOCRParams:
          SEED: 25032023
          MAX_IMAGES: 250000
          TRAIN_SPLIT: 0.8
          IMG_SIZE:
          - 256
          - 256
    outs:
    - path: data/prepared/ocr
      md5: a3a9bbc072d7801c7b1016dd780f4088.dir
      size: 444206482
      nfiles: 2
    - path: out/prepared/ocr/plots/images
      md5: 3f1c0763f14a5b1acbebe292feea748b.dir
      size: 15835
      nfiles: 5
  train_ocr:
    cmd: python3 -m src.ocr.train
    deps:
    - path: data/prepared/ocr
      md5: a3a9bbc072d7801c7b1016dd780f4088.dir
      size: 444206482
      nfiles: 2
    - path: src/models/cnn_ocr_model.py
      md5: d672a8524c6d769f9646d65193934bac
      size: 4353
    - path: src/ocr/train.py
      md5: 16b96a7c74f4134c9ad6b2d4095e45f1
      size: 1239
    - path: src/utils/model.py
      md5: 1c37662db96a47d248e944a5c4930461
      size: 1199
    - path: src/utils/seed.py
      md5: f94e3941728b5363f37f1139fc21cf24
      size: 736
    - path: src/utils/train.py
      md5: 3f001032823f9b609f598054d7150b8e
      size: 3975
    params:
      params.py:
        BATCH_SIZE: 32
        OCRModelParams:
          MODEL_NAME: plate_ocr_v2
          CONV_LAYERS:
          - 64
          - M
          - 128
          - M
          - 256
          - M
          - 256
          - M
          GRU_AVGPOOL_SIZE:
          - 18
          - 18
          GRU_HIDDEN_SIZE: 384
          GRU_NUM_LAYERS: 2
          GRU_DROPOUT: 0.5
        OCRParams:
          IMG_SHAPE:
          - 1
          - 84
          - 84
          MAX_LABEL_LENGTH: 7
          GRU_NUM_CLASSES: 37
          GRU_BLANK_CLASS: 36
        TrainOCRParams:
          SEED: 25032023
          LR: 0.00025
          EPOCHS: 2
    outs:
    - path: out/checkpoints/ocr
      md5: a00031aae3d94b58226a6670d9e7de99.dir
      size: 121236746
      nfiles: 2
    - path: out/models/ocr
      md5: d067f9b1878410effeb70782232106bd.dir
      size: 60617642
      nfiles: 1
    - path: out/runs/ocr/metrics.json
      md5: cf8c97e7330e4d6b44d04d5f7a5bad10
      size: 138
    - path: out/runs/ocr/plots/metrics
      md5: 334c5eb53063b444e0996ff7d852da65.dir
      size: 109
      nfiles: 2
    - path: out/runs/ocr/tensorboard
      md5: 43cddb4f32e3cb4eb06da65283fbb809.dir
      size: 6459
      nfiles: 3
  evaluate_stack:
    cmd: python3 -m src.stack.evaluate
    deps:
    - path: data/prepared/stack
      md5: be9e0489eee555b983478d25d4e9d7b9.dir
      size: 221542631
      nfiles: 1
    - path: out/models/localize
      md5: 40166afc38064de6d152155db350f338.dir
      size: 33478747
      nfiles: 1
    - path: out/models/ocr
      md5: d067f9b1878410effeb70782232106bd.dir
      size: 60617642
      nfiles: 1
    - path: src/stack/evaluate.py
      md5: 6c45ddbb357fcaf11ad135e5b9ec921e
      size: 5196
    - path: src/utils/evaluation.py
      md5: 05207364c9c9e12f46eb6ba07efa051a
      size: 1569
    - path: src/utils/model.py
      md5: 1c37662db96a47d248e944a5c4930461
      size: 1199
    - path: src/utils/preview.py
      md5: a0538f1dd2c1ecc5184a13a746bda674
      size: 573
    - path: src/utils/seed.py
      md5: f94e3941728b5363f37f1139fc21cf24
      size: 736
    params:
      params.py:
        LocalizeModelParams:
          MODEL_NAME: plate_localizer_v3
          CONV_LAYERS:
          - 64
          - M
          - 128
          - M
          - 256
          - M
          - 512
          - M
          AVGPOOL_SIZE:
          - 5
          - 5
          HIDDEN_LAYERS:
          - 512
          - 512
          DROPOUT: 0.4
        LocalizeParams:
          IMG_SHAPE:
          - 1
          - 84
          - 84
        OCRModelParams:
          MODEL_NAME: plate_ocr_v2
          CONV_LAYERS:
          - 64
          - M
          - 128
          - M
          - 256
          - M
          - 256
          - M
          GRU_AVGPOOL_SIZE:
          - 18
          - 18
          GRU_HIDDEN_SIZE: 384
          GRU_NUM_LAYERS: 2
          GRU_DROPOUT: 0.5
        OCRParams:
          IMG_SHAPE:
          - 1
          - 84
          - 84
          MAX_LABEL_LENGTH: 7
          GRU_NUM_CLASSES: 37
          GRU_BLANK_CLASS: 36
    outs:
    - path: out/evaluations/stack/metrics.json
      md5: 8c1c0248a41661ee946f29c933973561
      size: 39
    - path: out/evaluations/stack/plots/images
      md5: 05318c625641e8541b053e811af71abc.dir
      size: 1396806
      nfiles: 11
  evaluate_ocr:
    cmd: python3 -m src.ocr.evaluate
    deps:
    - path: out/models/ocr
      md5: d067f9b1878410effeb70782232106bd.dir
      size: 60617642
      nfiles: 1
    - path: src/ocr/evaluate.py
      md5: 9f60a78ad71249434e1c981a714db2bc
      size: 2667
    - path: src/utils/evaluation.py
      md5: 05207364c9c9e12f46eb6ba07efa051a
      size: 1569
    - path: src/utils/model.py
      md5: 1c37662db96a47d248e944a5c4930461
      size: 1199
    - path: src/utils/seed.py
      md5: f94e3941728b5363f37f1139fc21cf24
      size: 736
    params:
      params.py:
        OCRModelParams:
          MODEL_NAME: plate_ocr_v2
          CONV_LAYERS:
          - 64
          - M
          - 128
          - M
          - 256
          - M
          - 256
          - M
          GRU_AVGPOOL_SIZE:
          - 18
          - 18
          GRU_HIDDEN_SIZE: 384
          GRU_NUM_LAYERS: 2
          GRU_DROPOUT: 0.5
        OCRParams:
          IMG_SHAPE:
          - 1
          - 84
          - 84
          MAX_LABEL_LENGTH: 7
          GRU_NUM_CLASSES: 37
          GRU_BLANK_CLASS: 36
    outs:
    - path: out/evaluations/ocr/plots/images
      md5: a54ec3f61003c40638513cef434c11cf.dir
      size: 579602
      nfiles: 10
  evaluate_localize:
    cmd: python3 -m src.localize.evaluate
    deps:
    - path: out/models/localize
      md5: 40166afc38064de6d152155db350f338.dir
      size: 33478747
      nfiles: 1
    - path: src/localize/evaluate.py
      md5: 6cbcb8c8d63d928616302a55a1653bdc
      size: 1739
    - path: src/utils/model.py
      md5: 1c37662db96a47d248e944a5c4930461
      size: 1199
    - path: src/utils/preview.py
      md5: a0538f1dd2c1ecc5184a13a746bda674
      size: 573
    - path: src/utils/seed.py
      md5: f94e3941728b5363f37f1139fc21cf24
      size: 736
    params:
      params.py:
        LocalizeModelParams:
          MODEL_NAME: plate_localizer_v3
          CONV_LAYERS:
          - 64
          - M
          - 128
          - M
          - 256
          - M
          - 512
          - M
          AVGPOOL_SIZE:
          - 5
          - 5
          HIDDEN_LAYERS:
          - 512
          - 512
          DROPOUT: 0.4
        LocalizeParams:
          IMG_SHAPE:
          - 1
          - 84
          - 84
    outs:
    - path: out/evaluations/localize/plots/images
      md5: 09b612b35f0d25a97b306cb2c46d84cd.dir
      size: 68309
      nfiles: 10
